
Microsoft Visual Studio Solution File, Format Version 12.00
# Visual Studio Version 17
VisualStudioVersion = 17.1.32328.378
MinimumVisualStudioVersion = 10.0.40219.1
Project("{FAE04EC0-301F-11D3-BF4B-00C04F79EFBC}") = "Blazorise.ExComponents.Docs", "Blazorise.ExComponents.Docs\Blazorise.ExComponents.Docs.csproj", "{9B672A7E-EC93-4508-800B-98682CE0A81B}"
EndProject
Global
	GlobalSection(SolutionConfigurationPlatforms) = preSolution
		Debug|Any CPU = Debug|Any CPU
		Release|Any CPU = Release|Any CPU
	EndGlobalSection
	GlobalSection(ProjectConfigurationPlatforms) = postSolution
		{9B672A7E-EC93-4508-800B-98682CE0A81B}.Debug|Any CPU.ActiveCfg = Debug|Any CPU
		{9B672A7E-EC93-4508-800B-98682CE0A81B}.Debug|Any CPU.Build.0 = Debug|Any CPU
		{9B672A7E-EC93-4508-800B-98682CE0A81B}.Release|Any CPU.ActiveCfg = Release|Any CPU
		{9B672A7E-EC93-4508-800B-98682CE0A81B}.Release|Any CPU.Build.0 = Release|Any CPU
	EndGlobalSection
	GlobalSection(SolutionProperties) = preSolution
		HideSolutionNode = FALSE
	EndGlobalSection
	GlobalSection(ExtensibilityGlobals) = postSolution
		SolutionGuid = {0F34ADEC-51B8-413E-80D0-26B48E9C6D87}
	EndGlobalSection
EndGlobal
